{
  "name": "leslie-eric.us",
  "version": "1.6.1",
  "dependencies": {
    "async": {
      "version": "0.2.7",
      "from": "https://registry.npmjs.org/async/-/async-0.2.7.tgz",
      "resolved": "https://registry.npmjs.org/async/-/async-0.2.7.tgz"
    },
    "combohandler": {
      "version": "0.2.2",
      "from": "combohandler@0.2.2",
      "dependencies": {
        "URIjs": {
          "version": "1.10.1",
          "from": "URIjs@1.10.1"
        }
      }
    },
    "csv": {
      "version": "0.3.0",
      "from": "https://registry.npmjs.org/csv/-/csv-0.3.0.tgz",
      "resolved": "https://registry.npmjs.org/csv/-/csv-0.3.0.tgz"
    },
    "db-migrate": {
      "version": "0.4.1",
      "from": "https://registry.npmjs.org/db-migrate/-/db-migrate-0.4.1.tgz",
      "resolved": "https://registry.npmjs.org/db-migrate/-/db-migrate-0.4.1.tgz",
      "dependencies": {
        "optimist": {
          "version": "0.3.7",
          "from": "optimist@0.3.7",
          "resolved": "https://registry.npmjs.org/optimist/-/optimist-0.3.7.tgz",
          "dependencies": {
            "wordwrap": {
              "version": "0.0.2",
              "from": "https://registry.npmjs.org/wordwrap/-/wordwrap-0.0.2.tgz",
              "resolved": "https://registry.npmjs.org/wordwrap/-/wordwrap-0.0.2.tgz"
            }
          }
        },
        "async": {
          "version": "0.1.22",
          "from": "https://registry.npmjs.org/async/-/async-0.1.22.tgz",
          "resolved": "https://registry.npmjs.org/async/-/async-0.1.22.tgz"
        },
        "semver": {
          "version": "1.0.14",
          "from": "https://registry.npmjs.org/semver/-/semver-1.0.14.tgz",
          "resolved": "https://registry.npmjs.org/semver/-/semver-1.0.14.tgz"
        },
        "mkdirp": {
          "version": "0.3.5",
          "from": "https://registry.npmjs.org/mkdirp/-/mkdirp-0.3.5.tgz",
          "resolved": "https://registry.npmjs.org/mkdirp/-/mkdirp-0.3.5.tgz"
        },
        "moment": {
          "version": "1.7.2",
          "from": "https://registry.npmjs.org/moment/-/moment-1.7.2.tgz",
          "resolved": "https://registry.npmjs.org/moment/-/moment-1.7.2.tgz"
        },
        "pkginfo": {
          "version": "0.3.0",
          "from": "https://registry.npmjs.org/pkginfo/-/pkginfo-0.3.0.tgz",
          "resolved": "https://registry.npmjs.org/pkginfo/-/pkginfo-0.3.0.tgz"
        }
      }
    },
    "deep-freeze": {
      "version": "0.0.1",
      "from": "https://registry.npmjs.org/deep-freeze/-/deep-freeze-0.0.1.tgz",
      "resolved": "https://registry.npmjs.org/deep-freeze/-/deep-freeze-0.0.1.tgz"
    },
    "express": {
      "version": "3.2.4",
      "from": "https://registry.npmjs.org/express/-/express-3.2.4.tgz",
      "resolved": "https://registry.npmjs.org/express/-/express-3.2.4.tgz",
      "dependencies": {
        "connect": {
          "version": "2.7.9",
          "from": "connect@2.7.9",
          "dependencies": {
            "qs": {
              "version": "0.6.4",
              "from": "qs@0.6.4"
            },
            "formidable": {
              "version": "1.0.13",
              "from": "formidable@1.0.13",
              "resolved": "https://registry.npmjs.org/formidable/-/formidable-1.0.13.tgz"
            },
            "bytes": {
              "version": "0.2.0",
              "from": "bytes@0.2.0"
            },
            "pause": {
              "version": "0.0.1",
              "from": "pause@0.0.1"
            }
          }
        },
        "commander": {
          "version": "0.6.1",
          "from": "commander@0.6.1"
        },
        "range-parser": {
          "version": "0.0.4",
          "from": "range-parser@0.0.4"
        },
        "mkdirp": {
          "version": "0.3.4",
          "from": "mkdirp@0.3.4"
        },
        "cookie": {
          "version": "0.0.5",
          "from": "cookie@0.0.5"
        },
        "buffer-crc32": {
          "version": "0.2.1",
          "from": "buffer-crc32@0.2.1"
        },
        "fresh": {
          "version": "0.1.0",
          "from": "fresh@0.1.0"
        },
        "methods": {
          "version": "0.0.1",
          "from": "methods@0.0.1"
        },
        "send": {
          "version": "0.1.0",
          "from": "send@0.1.0",
          "dependencies": {
            "mime": {
              "version": "1.2.6",
              "from": "mime@1.2.6",
              "resolved": "https://registry.npmjs.org/mime/-/mime-1.2.6.tgz"
            }
          }
        },
        "cookie-signature": {
          "version": "1.0.1",
          "from": "cookie-signature@1.0.1"
        },
        "debug": {
          "version": "0.7.2",
          "from": "debug@0.7.2"
        }
      }
    },
    "express-slash": {
      "version": "0.2.0",
      "from": "https://registry.npmjs.org/express-slash/-/express-slash-0.2.0.tgz",
      "resolved": "https://registry.npmjs.org/express-slash/-/express-slash-0.2.0.tgz"
    },
    "express-state": {
      "version": "0.0.2",
      "from": "https://registry.npmjs.org/express-state/-/express-state-0.0.2.tgz",
      "resolved": "https://registry.npmjs.org/express-state/-/express-state-0.0.2.tgz"
    },
    "express3-handlebars": {
      "version": "0.5.0",
      "from": "https://registry.npmjs.org/express3-handlebars/-/express3-handlebars-0.5.0.tgz",
      "resolved": "https://registry.npmjs.org/express3-handlebars/-/express3-handlebars-0.5.0.tgz",
      "dependencies": {
        "glob": {
          "version": "3.2.6",
          "from": "glob@3.2.6",
          "dependencies": {
            "minimatch": {
              "version": "0.2.12",
              "from": "minimatch@0.2.12",
              "dependencies": {
                "lru-cache": {
                  "version": "2.3.0",
                  "from": "https://registry.npmjs.org/lru-cache/-/lru-cache-2.3.0.tgz",
                  "resolved": "https://registry.npmjs.org/lru-cache/-/lru-cache-2.3.0.tgz"
                },
                "sigmund": {
                  "version": "1.0.0",
                  "from": "sigmund@1.0.0"
                }
              }
            },
            "inherits": {
              "version": "2.0.0",
              "from": "inherits@2.0.0"
            }
          }
        },
        "semver": {
          "version": "2.0.11",
          "from": "semver@2.0.11",
          "resolved": "https://registry.npmjs.org/semver/-/semver-2.0.11.tgz"
        }
      }
    },
    "handlebars": {
      "version": "1.0.12",
      "from": "https://registry.npmjs.org/handlebars/-/handlebars-1.0.12.tgz",
      "resolved": "https://registry.npmjs.org/handlebars/-/handlebars-1.0.12.tgz",
      "dependencies": {
        "optimist": {
          "version": "0.3.7",
          "from": "optimist@0.3.7",
          "resolved": "https://registry.npmjs.org/optimist/-/optimist-0.3.7.tgz",
          "dependencies": {
            "wordwrap": {
              "version": "0.0.2",
              "from": "wordwrap@0.0.2"
            }
          }
        },
        "uglify-js": {
          "version": "2.3.6",
          "from": "uglify-js@2.3.6",
          "resolved": "https://registry.npmjs.org/uglify-js/-/uglify-js-2.3.6.tgz",
          "dependencies": {
            "source-map": {
              "version": "0.1.27",
              "from": "source-map@0.1.27",
              "resolved": "https://registry.npmjs.org/source-map/-/source-map-0.1.27.tgz",
              "dependencies": {
                "amdefine": {
                  "version": "0.0.5",
                  "from": "amdefine@0.0.5",
                  "resolved": "https://registry.npmjs.org/amdefine/-/amdefine-0.0.5.tgz"
                }
              }
            }
          }
        }
      }
    },
    "pg": {
      "version": "1.1.0",
      "from": "https://registry.npmjs.org/pg/-/pg-1.1.0.tgz",
      "resolved": "https://registry.npmjs.org/pg/-/pg-1.1.0.tgz",
      "dependencies": {
        "generic-pool": {
          "version": "2.0.2",
          "from": "https://registry.npmjs.org/generic-pool/-/generic-pool-2.0.2.tgz",
          "resolved": "https://registry.npmjs.org/generic-pool/-/generic-pool-2.0.2.tgz"
        },
        "buffer-writer": {
          "version": "1.0.0",
          "from": "https://registry.npmjs.org/buffer-writer/-/buffer-writer-1.0.0.tgz",
          "resolved": "https://registry.npmjs.org/buffer-writer/-/buffer-writer-1.0.0.tgz",
          "dependencies": {
            "cloned": {
              "version": "0.0.1",
              "from": "https://registry.npmjs.org/cloned/-/cloned-0.0.1.tgz",
              "resolved": "https://registry.npmjs.org/cloned/-/cloned-0.0.1.tgz",
              "dependencies": {
                "rmdir": {
                  "version": "1.0.0",
                  "from": "https://registry.npmjs.org/rmdir/-/rmdir-1.0.0.tgz",
                  "resolved": "https://registry.npmjs.org/rmdir/-/rmdir-1.0.0.tgz"
                }
              }
            }
          }
        }
      }
    },
    "request": {
      "version": "2.25.0",
      "from": "https://registry.npmjs.org/request/-/request-2.25.0.tgz",
      "resolved": "https://registry.npmjs.org/request/-/request-2.25.0.tgz",
      "dependencies": {
        "qs": {
          "version": "0.6.5",
          "from": "qs@0.6.5"
        },
        "json-stringify-safe": {
          "version": "5.0.0",
          "from": "https://registry.npmjs.org/json-stringify-safe/-/json-stringify-safe-5.0.0.tgz",
          "resolved": "https://registry.npmjs.org/json-stringify-safe/-/json-stringify-safe-5.0.0.tgz"
        },
        "forever-agent": {
          "version": "0.5.0",
          "from": "https://registry.npmjs.org/forever-agent/-/forever-agent-0.5.0.tgz",
          "resolved": "https://registry.npmjs.org/forever-agent/-/forever-agent-0.5.0.tgz"
        },
        "tunnel-agent": {
          "version": "0.3.0",
          "from": "https://registry.npmjs.org/tunnel-agent/-/tunnel-agent-0.3.0.tgz",
          "resolved": "https://registry.npmjs.org/tunnel-agent/-/tunnel-agent-0.3.0.tgz"
        },
        "http-signature": {
          "version": "0.10.0",
          "from": "https://registry.npmjs.org/http-signature/-/http-signature-0.10.0.tgz",
          "resolved": "https://registry.npmjs.org/http-signature/-/http-signature-0.10.0.tgz",
          "dependencies": {
            "assert-plus": {
              "version": "0.1.2",
              "from": "https://registry.npmjs.org/assert-plus/-/assert-plus-0.1.2.tgz",
              "resolved": "https://registry.npmjs.org/assert-plus/-/assert-plus-0.1.2.tgz"
            },
            "asn1": {
              "version": "0.1.11",
              "from": "https://registry.npmjs.org/asn1/-/asn1-0.1.11.tgz",
              "resolved": "https://registry.npmjs.org/asn1/-/asn1-0.1.11.tgz"
            },
            "ctype": {
              "version": "0.5.2",
              "from": "https://registry.npmjs.org/ctype/-/ctype-0.5.2.tgz",
              "resolved": "https://registry.npmjs.org/ctype/-/ctype-0.5.2.tgz"
            }
          }
        },
        "hawk": {
          "version": "1.0.0",
          "from": "https://registry.npmjs.org/hawk/-/hawk-1.0.0.tgz",
          "resolved": "https://registry.npmjs.org/hawk/-/hawk-1.0.0.tgz",
          "dependencies": {
            "hoek": {
              "version": "0.9.1",
              "from": "https://registry.npmjs.org/hoek/-/hoek-0.9.1.tgz",
              "resolved": "https://registry.npmjs.org/hoek/-/hoek-0.9.1.tgz"
            },
            "boom": {
              "version": "0.4.2",
              "from": "https://registry.npmjs.org/boom/-/boom-0.4.2.tgz",
              "resolved": "https://registry.npmjs.org/boom/-/boom-0.4.2.tgz"
            },
            "cryptiles": {
              "version": "0.2.2",
              "from": "https://registry.npmjs.org/cryptiles/-/cryptiles-0.2.2.tgz",
              "resolved": "https://registry.npmjs.org/cryptiles/-/cryptiles-0.2.2.tgz"
            },
            "sntp": {
              "version": "0.2.4",
              "from": "https://registry.npmjs.org/sntp/-/sntp-0.2.4.tgz",
              "resolved": "https://registry.npmjs.org/sntp/-/sntp-0.2.4.tgz"
            }
          }
        },
        "aws-sign": {
          "version": "0.3.0",
          "from": "https://registry.npmjs.org/aws-sign/-/aws-sign-0.3.0.tgz",
          "resolved": "https://registry.npmjs.org/aws-sign/-/aws-sign-0.3.0.tgz"
        },
        "oauth-sign": {
          "version": "0.3.0",
          "from": "https://registry.npmjs.org/oauth-sign/-/oauth-sign-0.3.0.tgz",
          "resolved": "https://registry.npmjs.org/oauth-sign/-/oauth-sign-0.3.0.tgz"
        },
        "cookie-jar": {
          "version": "0.3.0",
          "from": "https://registry.npmjs.org/cookie-jar/-/cookie-jar-0.3.0.tgz",
          "resolved": "https://registry.npmjs.org/cookie-jar/-/cookie-jar-0.3.0.tgz"
        },
        "node-uuid": {
          "version": "1.4.0",
          "from": "https://registry.npmjs.org/node-uuid/-/node-uuid-1.4.0.tgz",
          "resolved": "https://registry.npmjs.org/node-uuid/-/node-uuid-1.4.0.tgz"
        },
        "mime": {
          "version": "1.2.10",
          "from": "mime@1.2.10",
          "resolved": "https://registry.npmjs.org/mime/-/mime-1.2.10.tgz"
        },
        "form-data": {
          "version": "0.1.0",
          "from": "https://registry.npmjs.org/form-data/-/form-data-0.1.0.tgz",
          "resolved": "https://registry.npmjs.org/form-data/-/form-data-0.1.0.tgz",
          "dependencies": {
            "combined-stream": {
              "version": "0.0.4",
              "from": "https://registry.npmjs.org/combined-stream/-/combined-stream-0.0.4.tgz",
              "resolved": "https://registry.npmjs.org/combined-stream/-/combined-stream-0.0.4.tgz",
              "dependencies": {
                "delayed-stream": {
                  "version": "0.0.5",
                  "from": "https://registry.npmjs.org/delayed-stream/-/delayed-stream-0.0.5.tgz",
                  "resolved": "https://registry.npmjs.org/delayed-stream/-/delayed-stream-0.0.5.tgz"
                }
              }
            },
            "async": {
              "version": "0.2.9",
              "from": "async@0.2.9",
              "resolved": "https://registry.npmjs.org/async/-/async-0.2.9.tgz"
            }
          }
        }
      }
    }
  }
}
