{
  "name": "leslie-eric.us",
  "version": "1.2.2",
  "dependencies": {
    "async": {
      "version": "0.2.7",
      "from": "https://registry.npmjs.org/async/-/async-0.2.7.tgz",
      "resolved": "https://registry.npmjs.org/async/-/async-0.2.7.tgz"
    },
    "combohandler": {
      "version": "0.2.2",
      "from": "combohandler@0.2.2",
      "dependencies": {
        "URIjs": {
          "version": "1.10.1",
          "from": "URIjs@1.10.1"
        }
      }
    },
    "csv": {
      "version": "0.3.0",
      "from": "https://registry.npmjs.org/csv/-/csv-0.3.0.tgz",
      "resolved": "https://registry.npmjs.org/csv/-/csv-0.3.0.tgz"
    },
    "db-migrate": {
      "version": "0.4.1",
      "from": "https://registry.npmjs.org/db-migrate/-/db-migrate-0.4.1.tgz",
      "resolved": "https://registry.npmjs.org/db-migrate/-/db-migrate-0.4.1.tgz",
      "dependencies": {
        "optimist": {
          "version": "0.3.7",
          "from": "https://registry.npmjs.org/optimist/-/optimist-0.3.7.tgz",
          "resolved": "https://registry.npmjs.org/optimist/-/optimist-0.3.7.tgz",
          "dependencies": {
            "wordwrap": {
              "version": "0.0.2",
              "from": "https://registry.npmjs.org/wordwrap/-/wordwrap-0.0.2.tgz",
              "resolved": "https://registry.npmjs.org/wordwrap/-/wordwrap-0.0.2.tgz"
            }
          }
        },
        "async": {
          "version": "0.1.22",
          "from": "https://registry.npmjs.org/async/-/async-0.1.22.tgz",
          "resolved": "https://registry.npmjs.org/async/-/async-0.1.22.tgz"
        },
        "semver": {
          "version": "1.0.14",
          "from": "https://registry.npmjs.org/semver/-/semver-1.0.14.tgz",
          "resolved": "https://registry.npmjs.org/semver/-/semver-1.0.14.tgz"
        },
        "mkdirp": {
          "version": "0.3.5",
          "from": "https://registry.npmjs.org/mkdirp/-/mkdirp-0.3.5.tgz",
          "resolved": "https://registry.npmjs.org/mkdirp/-/mkdirp-0.3.5.tgz"
        },
        "moment": {
          "version": "1.7.2",
          "from": "https://registry.npmjs.org/moment/-/moment-1.7.2.tgz",
          "resolved": "https://registry.npmjs.org/moment/-/moment-1.7.2.tgz"
        },
        "pkginfo": {
          "version": "0.3.0",
          "from": "https://registry.npmjs.org/pkginfo/-/pkginfo-0.3.0.tgz",
          "resolved": "https://registry.npmjs.org/pkginfo/-/pkginfo-0.3.0.tgz"
        }
      }
    },
    "deep-freeze": {
      "version": "0.0.1",
      "from": "https://registry.npmjs.org/deep-freeze/-/deep-freeze-0.0.1.tgz",
      "resolved": "https://registry.npmjs.org/deep-freeze/-/deep-freeze-0.0.1.tgz"
    },
    "express": {
      "version": "3.2.4",
      "from": "https://registry.npmjs.org/express/-/express-3.2.4.tgz",
      "resolved": "https://registry.npmjs.org/express/-/express-3.2.4.tgz",
      "dependencies": {
        "connect": {
          "version": "2.7.9",
          "from": "connect@2.7.9",
          "dependencies": {
            "qs": {
              "version": "0.6.4",
              "from": "qs@0.6.4"
            },
            "formidable": {
              "version": "1.0.13",
              "from": "formidable@1.0.13"
            },
            "bytes": {
              "version": "0.2.0",
              "from": "bytes@0.2.0"
            },
            "pause": {
              "version": "0.0.1",
              "from": "pause@0.0.1"
            }
          }
        },
        "commander": {
          "version": "0.6.1",
          "from": "commander@0.6.1"
        },
        "range-parser": {
          "version": "0.0.4",
          "from": "range-parser@0.0.4"
        },
        "mkdirp": {
          "version": "0.3.4",
          "from": "mkdirp@0.3.4"
        },
        "cookie": {
          "version": "0.0.5",
          "from": "cookie@0.0.5"
        },
        "buffer-crc32": {
          "version": "0.2.1",
          "from": "buffer-crc32@0.2.1"
        },
        "fresh": {
          "version": "0.1.0",
          "from": "fresh@0.1.0"
        },
        "methods": {
          "version": "0.0.1",
          "from": "methods@0.0.1"
        },
        "send": {
          "version": "0.1.0",
          "from": "send@0.1.0",
          "dependencies": {
            "mime": {
              "version": "1.2.6",
              "from": "mime@1.2.6"
            }
          }
        },
        "cookie-signature": {
          "version": "1.0.1",
          "from": "cookie-signature@1.0.1"
        },
        "debug": {
          "version": "0.7.2",
          "from": "debug@0.7.2"
        }
      }
    },
    "express-slash": {
      "version": "0.2.0",
      "from": "https://registry.npmjs.org/express-slash/-/express-slash-0.2.0.tgz",
      "resolved": "https://registry.npmjs.org/express-slash/-/express-slash-0.2.0.tgz"
    },
    "express-state": {
      "version": "0.0.2",
      "from": "https://registry.npmjs.org/express-state/-/express-state-0.0.2.tgz",
      "resolved": "https://registry.npmjs.org/express-state/-/express-state-0.0.2.tgz"
    },
    "express3-handlebars": {
      "version": "0.4.1",
      "from": "https://registry.npmjs.org/express3-handlebars/-/express3-handlebars-0.4.1.tgz",
      "resolved": "https://registry.npmjs.org/express3-handlebars/-/express3-handlebars-0.4.1.tgz",
      "dependencies": {
        "glob": {
          "version": "3.1.21",
          "from": "https://registry.npmjs.org/glob/-/glob-3.1.21.tgz",
          "resolved": "https://registry.npmjs.org/glob/-/glob-3.1.21.tgz",
          "dependencies": {
            "minimatch": {
              "version": "0.2.12",
              "from": "https://registry.npmjs.org/minimatch/-/minimatch-0.2.12.tgz",
              "resolved": "https://registry.npmjs.org/minimatch/-/minimatch-0.2.12.tgz",
              "dependencies": {
                "lru-cache": {
                  "version": "2.3.0",
                  "from": "https://registry.npmjs.org/lru-cache/-/lru-cache-2.3.0.tgz",
                  "resolved": "https://registry.npmjs.org/lru-cache/-/lru-cache-2.3.0.tgz"
                },
                "sigmund": {
                  "version": "1.0.0",
                  "from": "https://registry.npmjs.org/sigmund/-/sigmund-1.0.0.tgz",
                  "resolved": "https://registry.npmjs.org/sigmund/-/sigmund-1.0.0.tgz"
                }
              }
            },
            "graceful-fs": {
              "version": "1.2.0",
              "from": "https://registry.npmjs.org/graceful-fs/-/graceful-fs-1.2.0.tgz",
              "resolved": "https://registry.npmjs.org/graceful-fs/-/graceful-fs-1.2.0.tgz"
            },
            "inherits": {
              "version": "1.0.0",
              "from": "https://registry.npmjs.org/inherits/-/inherits-1.0.0.tgz",
              "resolved": "https://registry.npmjs.org/inherits/-/inherits-1.0.0.tgz"
            }
          }
        },
        "semver": {
          "version": "1.1.4",
          "from": "https://registry.npmjs.org/semver/-/semver-1.1.4.tgz",
          "resolved": "https://registry.npmjs.org/semver/-/semver-1.1.4.tgz"
        }
      }
    },
    "handlebars": {
      "version": "1.0.10",
      "from": "https://registry.npmjs.org/handlebars/-/handlebars-1.0.10.tgz",
      "resolved": "https://registry.npmjs.org/handlebars/-/handlebars-1.0.10.tgz",
      "dependencies": {
        "optimist": {
          "version": "0.3.7",
          "from": "https://registry.npmjs.org/optimist/-/optimist-0.3.7.tgz",
          "resolved": "https://registry.npmjs.org/optimist/-/optimist-0.3.7.tgz",
          "dependencies": {
            "wordwrap": {
              "version": "0.0.2",
              "from": "https://registry.npmjs.org/wordwrap/-/wordwrap-0.0.2.tgz",
              "resolved": "https://registry.npmjs.org/wordwrap/-/wordwrap-0.0.2.tgz"
            }
          }
        },
        "uglify-js": {
          "version": "1.2.6",
          "from": "https://registry.npmjs.org/uglify-js/-/uglify-js-1.2.6.tgz",
          "resolved": "https://registry.npmjs.org/uglify-js/-/uglify-js-1.2.6.tgz"
        }
      }
    },
    "pg": {
      "version": "1.1.0",
      "from": "https://registry.npmjs.org/pg/-/pg-1.1.0.tgz",
      "resolved": "https://registry.npmjs.org/pg/-/pg-1.1.0.tgz",
      "dependencies": {
        "generic-pool": {
          "version": "2.0.2",
          "from": "https://registry.npmjs.org/generic-pool/-/generic-pool-2.0.2.tgz",
          "resolved": "https://registry.npmjs.org/generic-pool/-/generic-pool-2.0.2.tgz"
        },
        "buffer-writer": {
          "version": "1.0.0",
          "from": "https://registry.npmjs.org/buffer-writer/-/buffer-writer-1.0.0.tgz",
          "resolved": "https://registry.npmjs.org/buffer-writer/-/buffer-writer-1.0.0.tgz",
          "dependencies": {
            "cloned": {
              "version": "0.0.1",
              "from": "https://registry.npmjs.org/cloned/-/cloned-0.0.1.tgz",
              "resolved": "https://registry.npmjs.org/cloned/-/cloned-0.0.1.tgz",
              "dependencies": {
                "rmdir": {
                  "version": "1.0.0",
                  "from": "rmdir@1.0.0",
                  "resolved": "https://registry.npmjs.org/rmdir/-/rmdir-1.0.0.tgz"
                }
              }
            }
          }
        }
      }
    }
  }
}
